
Microsoft Visual Studio Solution File, Format Version 12.00
# Visual Studio 15
VisualStudioVersion = 15.0.28307.168
MinimumVisualStudioVersion = 10.0.40219.1
Project("{FAE04EC0-301F-11D3-BF4B-00C04F79EFBC}") = "C0724144_WEEK05", "C0724144_WEEK05\C0724144_WEEK05.csproj", "{B4373149-D371-4B76-9310-0FEC3B8BB51D}"
EndProject
Global
	GlobalSection(SolutionConfigurationPlatforms) = preSolution
		Debug|Any CPU = Debug|Any CPU
		Release|Any CPU = Release|Any CPU
	EndGlobalSection
	GlobalSection(ProjectConfigurationPlatforms) = postSolution
		{B4373149-D371-4B76-9310-0FEC3B8BB51D}.Debug|Any CPU.ActiveCfg = Debug|Any CPU
		{B4373149-D371-4B76-9310-0FEC3B8BB51D}.Debug|Any CPU.Build.0 = Debug|Any CPU
		{B4373149-D371-4B76-9310-0FEC3B8BB51D}.Release|Any CPU.ActiveCfg = Release|Any CPU
		{B4373149-D371-4B76-9310-0FEC3B8BB51D}.Release|Any CPU.Build.0 = Release|Any CPU
	EndGlobalSection
	GlobalSection(SolutionProperties) = preSolution
		HideSolutionNode = FALSE
	EndGlobalSection
	GlobalSection(ExtensibilityGlobals) = postSolution
		SolutionGuid = {486E90A8-5CFC-4B36-8F1E-982F6C715FEB}
	EndGlobalSection
EndGlobal
